
Microsoft Visual Studio Solution File, Format Version 12.00
# Visual Studio Version 17
VisualStudioVersion = 17.14.36310.24 d17.14
MinimumVisualStudioVersion = 10.0.40219.1
Project("{FAE04EC0-301F-11D3-BF4B-00C04F79EFBC}") = "Grading_system", "Grading_system.csproj", "{9E243359-8BCC-4F9E-AC98-6CEA42BC989E}"
EndProject
Global
	GlobalSection(SolutionConfigurationPlatforms) = preSolution
		Debug|Any CPU = Debug|Any CPU
		Release|Any CPU = Release|Any CPU
	EndGlobalSection
	GlobalSection(ProjectConfigurationPlatforms) = postSolution
		{9E243359-8BCC-4F9E-AC98-6CEA42BC989E}.Debug|Any CPU.ActiveCfg = Debug|Any CPU
		{9E243359-8BCC-4F9E-AC98-6CEA42BC989E}.Debug|Any CPU.Build.0 = Debug|Any CPU
		{9E243359-8BCC-4F9E-AC98-6CEA42BC989E}.Release|Any CPU.ActiveCfg = Release|Any CPU
		{9E243359-8BCC-4F9E-AC98-6CEA42BC989E}.Release|Any CPU.Build.0 = Release|Any CPU
	EndGlobalSection
	GlobalSection(SolutionProperties) = preSolution
		HideSolutionNode = FALSE
	EndGlobalSection
	GlobalSection(ExtensibilityGlobals) = postSolution
		SolutionGuid = {1F4C7372-086B-4576-A313-E8E9937B1EA5}
	EndGlobalSection
EndGlobal
